
Microsoft Visual Studio Solution File, Format Version 12.00
# Visual Studio Version 16
VisualStudioVersion = 16.0.28729.10
MinimumVisualStudioVersion = 10.0.40219.1
Project("{9A19103F-16F7-4668-BE54-9A1E7A4F7556}") = "Sting.Devices", "Sting.Devices\Sting.Devices.csproj", "{62BB2EAF-23E8-4CEC-92A4-F1EDCDE057A5}"
EndProject
Project("{9A19103F-16F7-4668-BE54-9A1E7A4F7556}") = "Sting.Persistence", "Sting.Persistence\Sting.Persistence.csproj", "{4946BD73-DBB7-4DBD-8D05-7DBA026F4F01}"
EndProject
Project("{9A19103F-16F7-4668-BE54-9A1E7A4F7556}") = "Sting.Application", "Sting.Application\Sting.Application.csproj", "{253DBD5D-94B8-445C-918D-0A7A5C3E63D1}"
EndProject
Project("{9A19103F-16F7-4668-BE54-9A1E7A4F7556}") = "Sting.Core", "Sting.Core\Sting.Core.csproj", "{D6B876BD-E965-4596-AEE8-884826110DD9}"
EndProject
Project("{9A19103F-16F7-4668-BE54-9A1E7A4F7556}") = "Sting.Models", "..\Sting.Backend\Sting.Models\Sting.Models.csproj", "{240DAB88-1984-4BBE-A4C2-A96BFAABBCFA}"
EndProject
Global
	GlobalSection(SolutionConfigurationPlatforms) = preSolution
		Debug|Any CPU = Debug|Any CPU
		Debug|ARM = Debug|ARM
		Debug|ARM64 = Debug|ARM64
		Debug|x64 = Debug|x64
		Debug|x86 = Debug|x86
		Release|Any CPU = Release|Any CPU
		Release|ARM = Release|ARM
		Release|ARM64 = Release|ARM64
		Release|x64 = Release|x64
		Release|x86 = Release|x86
	EndGlobalSection
	GlobalSection(ProjectConfigurationPlatforms) = postSolution
		{62BB2EAF-23E8-4CEC-92A4-F1EDCDE057A5}.Debug|Any CPU.ActiveCfg = Debug|Any CPU
		{62BB2EAF-23E8-4CEC-92A4-F1EDCDE057A5}.Debug|Any CPU.Build.0 = Debug|Any CPU
		{62BB2EAF-23E8-4CEC-92A4-F1EDCDE057A5}.Debug|ARM.ActiveCfg = Debug|Any CPU
		{62BB2EAF-23E8-4CEC-92A4-F1EDCDE057A5}.Debug|ARM.Build.0 = Debug|Any CPU
		{62BB2EAF-23E8-4CEC-92A4-F1EDCDE057A5}.Debug|ARM64.ActiveCfg = Debug|Any CPU
		{62BB2EAF-23E8-4CEC-92A4-F1EDCDE057A5}.Debug|ARM64.Build.0 = Debug|Any CPU
		{62BB2EAF-23E8-4CEC-92A4-F1EDCDE057A5}.Debug|x64.ActiveCfg = Debug|Any CPU
		{62BB2EAF-23E8-4CEC-92A4-F1EDCDE057A5}.Debug|x64.Build.0 = Debug|Any CPU
		{62BB2EAF-23E8-4CEC-92A4-F1EDCDE057A5}.Debug|x86.ActiveCfg = Debug|Any CPU
		{62BB2EAF-23E8-4CEC-92A4-F1EDCDE057A5}.Debug|x86.Build.0 = Debug|Any CPU
		{62BB2EAF-23E8-4CEC-92A4-F1EDCDE057A5}.Release|Any CPU.ActiveCfg = Release|Any CPU
		{62BB2EAF-23E8-4CEC-92A4-F1EDCDE057A5}.Release|Any CPU.Build.0 = Release|Any CPU
		{62BB2EAF-23E8-4CEC-92A4-F1EDCDE057A5}.Release|ARM.ActiveCfg = Release|Any CPU
		{62BB2EAF-23E8-4CEC-92A4-F1EDCDE057A5}.Release|ARM.Build.0 = Release|Any CPU
		{62BB2EAF-23E8-4CEC-92A4-F1EDCDE057A5}.Release|ARM64.ActiveCfg = Release|Any CPU
		{62BB2EAF-23E8-4CEC-92A4-F1EDCDE057A5}.Release|ARM64.Build.0 = Release|Any CPU
		{62BB2EAF-23E8-4CEC-92A4-F1EDCDE057A5}.Release|x64.ActiveCfg = Release|Any CPU
		{62BB2EAF-23E8-4CEC-92A4-F1EDCDE057A5}.Release|x64.Build.0 = Release|Any CPU
		{62BB2EAF-23E8-4CEC-92A4-F1EDCDE057A5}.Release|x86.ActiveCfg = Release|Any CPU
		{62BB2EAF-23E8-4CEC-92A4-F1EDCDE057A5}.Release|x86.Build.0 = Release|Any CPU
		{4946BD73-DBB7-4DBD-8D05-7DBA026F4F01}.Debug|Any CPU.ActiveCfg = Debug|Any CPU
		{4946BD73-DBB7-4DBD-8D05-7DBA026F4F01}.Debug|Any CPU.Build.0 = Debug|Any CPU
		{4946BD73-DBB7-4DBD-8D05-7DBA026F4F01}.Debug|ARM.ActiveCfg = Debug|Any CPU
		{4946BD73-DBB7-4DBD-8D05-7DBA026F4F01}.Debug|ARM.Build.0 = Debug|Any CPU
		{4946BD73-DBB7-4DBD-8D05-7DBA026F4F01}.Debug|ARM64.ActiveCfg = Debug|Any CPU
		{4946BD73-DBB7-4DBD-8D05-7DBA026F4F01}.Debug|ARM64.Build.0 = Debug|Any CPU
		{4946BD73-DBB7-4DBD-8D05-7DBA026F4F01}.Debug|x64.ActiveCfg = Debug|Any CPU
		{4946BD73-DBB7-4DBD-8D05-7DBA026F4F01}.Debug|x64.Build.0 = Debug|Any CPU
		{4946BD73-DBB7-4DBD-8D05-7DBA026F4F01}.Debug|x86.ActiveCfg = Debug|Any CPU
		{4946BD73-DBB7-4DBD-8D05-7DBA026F4F01}.Debug|x86.Build.0 = Debug|Any CPU
		{4946BD73-DBB7-4DBD-8D05-7DBA026F4F01}.Release|Any CPU.ActiveCfg = Release|Any CPU
		{4946BD73-DBB7-4DBD-8D05-7DBA026F4F01}.Release|Any CPU.Build.0 = Release|Any CPU
		{4946BD73-DBB7-4DBD-8D05-7DBA026F4F01}.Release|ARM.ActiveCfg = Release|Any CPU
		{4946BD73-DBB7-4DBD-8D05-7DBA026F4F01}.Release|ARM.Build.0 = Release|Any CPU
		{4946BD73-DBB7-4DBD-8D05-7DBA026F4F01}.Release|ARM64.ActiveCfg = Release|Any CPU
		{4946BD73-DBB7-4DBD-8D05-7DBA026F4F01}.Release|ARM64.Build.0 = Release|Any CPU
		{4946BD73-DBB7-4DBD-8D05-7DBA026F4F01}.Release|x64.ActiveCfg = Release|Any CPU
		{4946BD73-DBB7-4DBD-8D05-7DBA026F4F01}.Release|x64.Build.0 = Release|Any CPU
		{4946BD73-DBB7-4DBD-8D05-7DBA026F4F01}.Release|x86.ActiveCfg = Release|Any CPU
		{4946BD73-DBB7-4DBD-8D05-7DBA026F4F01}.Release|x86.Build.0 = Release|Any CPU
		{253DBD5D-94B8-445C-918D-0A7A5C3E63D1}.Debug|Any CPU.ActiveCfg = Debug|Any CPU
		{253DBD5D-94B8-445C-918D-0A7A5C3E63D1}.Debug|Any CPU.Build.0 = Debug|Any CPU
		{253DBD5D-94B8-445C-918D-0A7A5C3E63D1}.Debug|ARM.ActiveCfg = Debug|Any CPU
		{253DBD5D-94B8-445C-918D-0A7A5C3E63D1}.Debug|ARM.Build.0 = Debug|Any CPU
		{253DBD5D-94B8-445C-918D-0A7A5C3E63D1}.Debug|ARM64.ActiveCfg = Debug|Any CPU
		{253DBD5D-94B8-445C-918D-0A7A5C3E63D1}.Debug|ARM64.Build.0 = Debug|Any CPU
		{253DBD5D-94B8-445C-918D-0A7A5C3E63D1}.Debug|x64.ActiveCfg = Debug|Any CPU
		{253DBD5D-94B8-445C-918D-0A7A5C3E63D1}.Debug|x64.Build.0 = Debug|Any CPU
		{253DBD5D-94B8-445C-918D-0A7A5C3E63D1}.Debug|x86.ActiveCfg = Debug|Any CPU
		{253DBD5D-94B8-445C-918D-0A7A5C3E63D1}.Debug|x86.Build.0 = Debug|Any CPU
		{253DBD5D-94B8-445C-918D-0A7A5C3E63D1}.Release|Any CPU.ActiveCfg = Release|Any CPU
		{253DBD5D-94B8-445C-918D-0A7A5C3E63D1}.Release|Any CPU.Build.0 = Release|Any CPU
		{253DBD5D-94B8-445C-918D-0A7A5C3E63D1}.Release|ARM.ActiveCfg = Release|Any CPU
		{253DBD5D-94B8-445C-918D-0A7A5C3E63D1}.Release|ARM.Build.0 = Release|Any CPU
		{253DBD5D-94B8-445C-918D-0A7A5C3E63D1}.Release|ARM64.ActiveCfg = Release|Any CPU
		{253DBD5D-94B8-445C-918D-0A7A5C3E63D1}.Release|ARM64.Build.0 = Release|Any CPU
		{253DBD5D-94B8-445C-918D-0A7A5C3E63D1}.Release|x64.ActiveCfg = Release|Any CPU
		{253DBD5D-94B8-445C-918D-0A7A5C3E63D1}.Release|x64.Build.0 = Release|Any CPU
		{253DBD5D-94B8-445C-918D-0A7A5C3E63D1}.Release|x86.ActiveCfg = Release|Any CPU
		{253DBD5D-94B8-445C-918D-0A7A5C3E63D1}.Release|x86.Build.0 = Release|Any CPU
		{D6B876BD-E965-4596-AEE8-884826110DD9}.Debug|Any CPU.ActiveCfg = Debug|Any CPU
		{D6B876BD-E965-4596-AEE8-884826110DD9}.Debug|Any CPU.Build.0 = Debug|Any CPU
		{D6B876BD-E965-4596-AEE8-884826110DD9}.Debug|ARM.ActiveCfg = Debug|Any CPU
		{D6B876BD-E965-4596-AEE8-884826110DD9}.Debug|ARM.Build.0 = Debug|Any CPU
		{D6B876BD-E965-4596-AEE8-884826110DD9}.Debug|ARM64.ActiveCfg = Debug|Any CPU
		{D6B876BD-E965-4596-AEE8-884826110DD9}.Debug|ARM64.Build.0 = Debug|Any CPU
		{D6B876BD-E965-4596-AEE8-884826110DD9}.Debug|x64.ActiveCfg = Debug|Any CPU
		{D6B876BD-E965-4596-AEE8-884826110DD9}.Debug|x64.Build.0 = Debug|Any CPU
		{D6B876BD-E965-4596-AEE8-884826110DD9}.Debug|x86.ActiveCfg = Debug|Any CPU
		{D6B876BD-E965-4596-AEE8-884826110DD9}.Debug|x86.Build.0 = Debug|Any CPU
		{D6B876BD-E965-4596-AEE8-884826110DD9}.Release|Any CPU.ActiveCfg = Release|Any CPU
		{D6B876BD-E965-4596-AEE8-884826110DD9}.Release|Any CPU.Build.0 = Release|Any CPU
		{D6B876BD-E965-4596-AEE8-884826110DD9}.Release|ARM.ActiveCfg = Release|Any CPU
		{D6B876BD-E965-4596-AEE8-884826110DD9}.Release|ARM.Build.0 = Release|Any CPU
		{D6B876BD-E965-4596-AEE8-884826110DD9}.Release|ARM64.ActiveCfg = Release|Any CPU
		{D6B876BD-E965-4596-AEE8-884826110DD9}.Release|ARM64.Build.0 = Release|Any CPU
		{D6B876BD-E965-4596-AEE8-884826110DD9}.Release|x64.ActiveCfg = Release|Any CPU
		{D6B876BD-E965-4596-AEE8-884826110DD9}.Release|x64.Build.0 = Release|Any CPU
		{D6B876BD-E965-4596-AEE8-884826110DD9}.Release|x86.ActiveCfg = Release|Any CPU
		{D6B876BD-E965-4596-AEE8-884826110DD9}.Release|x86.Build.0 = Release|Any CPU
		{240DAB88-1984-4BBE-A4C2-A96BFAABBCFA}.Debug|Any CPU.ActiveCfg = Debug|Any CPU
		{240DAB88-1984-4BBE-A4C2-A96BFAABBCFA}.Debug|Any CPU.Build.0 = Debug|Any CPU
		{240DAB88-1984-4BBE-A4C2-A96BFAABBCFA}.Debug|ARM.ActiveCfg = Debug|Any CPU
		{240DAB88-1984-4BBE-A4C2-A96BFAABBCFA}.Debug|ARM.Build.0 = Debug|Any CPU
		{240DAB88-1984-4BBE-A4C2-A96BFAABBCFA}.Debug|ARM64.ActiveCfg = Debug|Any CPU
		{240DAB88-1984-4BBE-A4C2-A96BFAABBCFA}.Debug|ARM64.Build.0 = Debug|Any CPU
		{240DAB88-1984-4BBE-A4C2-A96BFAABBCFA}.Debug|x64.ActiveCfg = Debug|Any CPU
		{240DAB88-1984-4BBE-A4C2-A96BFAABBCFA}.Debug|x64.Build.0 = Debug|Any CPU
		{240DAB88-1984-4BBE-A4C2-A96BFAABBCFA}.Debug|x86.ActiveCfg = Debug|Any CPU
		{240DAB88-1984-4BBE-A4C2-A96BFAABBCFA}.Debug|x86.Build.0 = Debug|Any CPU
		{240DAB88-1984-4BBE-A4C2-A96BFAABBCFA}.Release|Any CPU.ActiveCfg = Release|Any CPU
		{240DAB88-1984-4BBE-A4C2-A96BFAABBCFA}.Release|Any CPU.Build.0 = Release|Any CPU
		{240DAB88-1984-4BBE-A4C2-A96BFAABBCFA}.Release|ARM.ActiveCfg = Release|Any CPU
		{240DAB88-1984-4BBE-A4C2-A96BFAABBCFA}.Release|ARM.Build.0 = Release|Any CPU
		{240DAB88-1984-4BBE-A4C2-A96BFAABBCFA}.Release|ARM64.ActiveCfg = Release|Any CPU
		{240DAB88-1984-4BBE-A4C2-A96BFAABBCFA}.Release|ARM64.Build.0 = Release|Any CPU
		{240DAB88-1984-4BBE-A4C2-A96BFAABBCFA}.Release|x64.ActiveCfg = Release|Any CPU
		{240DAB88-1984-4BBE-A4C2-A96BFAABBCFA}.Release|x64.Build.0 = Release|Any CPU
		{240DAB88-1984-4BBE-A4C2-A96BFAABBCFA}.Release|x86.ActiveCfg = Release|Any CPU
		{240DAB88-1984-4BBE-A4C2-A96BFAABBCFA}.Release|x86.Build.0 = Release|Any CPU
	EndGlobalSection
	GlobalSection(SolutionProperties) = preSolution
		HideSolutionNode = FALSE
	EndGlobalSection
	GlobalSection(ExtensibilityGlobals) = postSolution
		SolutionGuid = {3DB0D176-4D48-45E8-9DFB-FE9792D89E8A}
	EndGlobalSection
EndGlobal
