
Microsoft Visual Studio Solution File, Format Version 12.00
# Visual Studio Version 16
VisualStudioVersion = 16.0.28729.10
MinimumVisualStudioVersion = 10.0.40219.1
Project("{9A19103F-16F7-4668-BE54-9A1E7A4F7556}") = "Sting.Models", "..\..\..\StingBackend\Sting.Models\Sting.Models.csproj", "{E1044465-1895-43E9-B219-AB502A845E17}"
EndProject
Project("{9A19103F-16F7-4668-BE54-9A1E7A4F7556}") = "Sting.Storage", "Sting.Storage\Sting.Storage.csproj", "{1107DA57-5A3D-4299-BBDA-8AB06983E85C}"
EndProject
Project("{9A19103F-16F7-4668-BE54-9A1E7A4F7556}") = "Sting.Devices", "Sting.Devices\Sting.Devices.csproj", "{62BB2EAF-23E8-4CEC-92A4-F1EDCDE057A5}"
EndProject
Project("{9A19103F-16F7-4668-BE54-9A1E7A4F7556}") = "Sting.Controller", "Sting.Controller\Sting.Controller.csproj", "{D18F749F-72FA-4D46-859F-394B92E958DC}"
EndProject
Project("{9A19103F-16F7-4668-BE54-9A1E7A4F7556}") = "Sting.Controller.Application", "Sting.Controller.Application\Sting.Controller.Application.csproj", "{B798BDC6-2FCF-4C67-AACF-1BD28AF30679}"
EndProject
Global
	GlobalSection(SolutionConfigurationPlatforms) = preSolution
		Debug|Any CPU = Debug|Any CPU
		Debug|ARM = Debug|ARM
		Debug|ARM64 = Debug|ARM64
		Debug|x64 = Debug|x64
		Debug|x86 = Debug|x86
		Release|Any CPU = Release|Any CPU
		Release|ARM = Release|ARM
		Release|ARM64 = Release|ARM64
		Release|x64 = Release|x64
		Release|x86 = Release|x86
	EndGlobalSection
	GlobalSection(ProjectConfigurationPlatforms) = postSolution
		{E1044465-1895-43E9-B219-AB502A845E17}.Debug|Any CPU.ActiveCfg = Debug|Any CPU
		{E1044465-1895-43E9-B219-AB502A845E17}.Debug|Any CPU.Build.0 = Debug|Any CPU
		{E1044465-1895-43E9-B219-AB502A845E17}.Debug|ARM.ActiveCfg = Debug|Any CPU
		{E1044465-1895-43E9-B219-AB502A845E17}.Debug|ARM.Build.0 = Debug|Any CPU
		{E1044465-1895-43E9-B219-AB502A845E17}.Debug|ARM64.ActiveCfg = Debug|Any CPU
		{E1044465-1895-43E9-B219-AB502A845E17}.Debug|ARM64.Build.0 = Debug|Any CPU
		{E1044465-1895-43E9-B219-AB502A845E17}.Debug|x64.ActiveCfg = Debug|Any CPU
		{E1044465-1895-43E9-B219-AB502A845E17}.Debug|x64.Build.0 = Debug|Any CPU
		{E1044465-1895-43E9-B219-AB502A845E17}.Debug|x86.ActiveCfg = Debug|Any CPU
		{E1044465-1895-43E9-B219-AB502A845E17}.Debug|x86.Build.0 = Debug|Any CPU
		{E1044465-1895-43E9-B219-AB502A845E17}.Release|Any CPU.ActiveCfg = Release|Any CPU
		{E1044465-1895-43E9-B219-AB502A845E17}.Release|Any CPU.Build.0 = Release|Any CPU
		{E1044465-1895-43E9-B219-AB502A845E17}.Release|ARM.ActiveCfg = Release|Any CPU
		{E1044465-1895-43E9-B219-AB502A845E17}.Release|ARM.Build.0 = Release|Any CPU
		{E1044465-1895-43E9-B219-AB502A845E17}.Release|ARM64.ActiveCfg = Release|Any CPU
		{E1044465-1895-43E9-B219-AB502A845E17}.Release|ARM64.Build.0 = Release|Any CPU
		{E1044465-1895-43E9-B219-AB502A845E17}.Release|x64.ActiveCfg = Release|Any CPU
		{E1044465-1895-43E9-B219-AB502A845E17}.Release|x64.Build.0 = Release|Any CPU
		{E1044465-1895-43E9-B219-AB502A845E17}.Release|x86.ActiveCfg = Release|Any CPU
		{E1044465-1895-43E9-B219-AB502A845E17}.Release|x86.Build.0 = Release|Any CPU
		{1107DA57-5A3D-4299-BBDA-8AB06983E85C}.Debug|Any CPU.ActiveCfg = Debug|Any CPU
		{1107DA57-5A3D-4299-BBDA-8AB06983E85C}.Debug|Any CPU.Build.0 = Debug|Any CPU
		{1107DA57-5A3D-4299-BBDA-8AB06983E85C}.Debug|ARM.ActiveCfg = Debug|Any CPU
		{1107DA57-5A3D-4299-BBDA-8AB06983E85C}.Debug|ARM.Build.0 = Debug|Any CPU
		{1107DA57-5A3D-4299-BBDA-8AB06983E85C}.Debug|ARM64.ActiveCfg = Debug|Any CPU
		{1107DA57-5A3D-4299-BBDA-8AB06983E85C}.Debug|ARM64.Build.0 = Debug|Any CPU
		{1107DA57-5A3D-4299-BBDA-8AB06983E85C}.Debug|x64.ActiveCfg = Debug|Any CPU
		{1107DA57-5A3D-4299-BBDA-8AB06983E85C}.Debug|x64.Build.0 = Debug|Any CPU
		{1107DA57-5A3D-4299-BBDA-8AB06983E85C}.Debug|x86.ActiveCfg = Debug|Any CPU
		{1107DA57-5A3D-4299-BBDA-8AB06983E85C}.Debug|x86.Build.0 = Debug|Any CPU
		{1107DA57-5A3D-4299-BBDA-8AB06983E85C}.Release|Any CPU.ActiveCfg = Release|Any CPU
		{1107DA57-5A3D-4299-BBDA-8AB06983E85C}.Release|Any CPU.Build.0 = Release|Any CPU
		{1107DA57-5A3D-4299-BBDA-8AB06983E85C}.Release|ARM.ActiveCfg = Release|Any CPU
		{1107DA57-5A3D-4299-BBDA-8AB06983E85C}.Release|ARM.Build.0 = Release|Any CPU
		{1107DA57-5A3D-4299-BBDA-8AB06983E85C}.Release|ARM64.ActiveCfg = Release|Any CPU
		{1107DA57-5A3D-4299-BBDA-8AB06983E85C}.Release|ARM64.Build.0 = Release|Any CPU
		{1107DA57-5A3D-4299-BBDA-8AB06983E85C}.Release|x64.ActiveCfg = Release|Any CPU
		{1107DA57-5A3D-4299-BBDA-8AB06983E85C}.Release|x64.Build.0 = Release|Any CPU
		{1107DA57-5A3D-4299-BBDA-8AB06983E85C}.Release|x86.ActiveCfg = Release|Any CPU
		{1107DA57-5A3D-4299-BBDA-8AB06983E85C}.Release|x86.Build.0 = Release|Any CPU
		{62BB2EAF-23E8-4CEC-92A4-F1EDCDE057A5}.Debug|Any CPU.ActiveCfg = Debug|Any CPU
		{62BB2EAF-23E8-4CEC-92A4-F1EDCDE057A5}.Debug|Any CPU.Build.0 = Debug|Any CPU
		{62BB2EAF-23E8-4CEC-92A4-F1EDCDE057A5}.Debug|ARM.ActiveCfg = Debug|Any CPU
		{62BB2EAF-23E8-4CEC-92A4-F1EDCDE057A5}.Debug|ARM.Build.0 = Debug|Any CPU
		{62BB2EAF-23E8-4CEC-92A4-F1EDCDE057A5}.Debug|ARM64.ActiveCfg = Debug|Any CPU
		{62BB2EAF-23E8-4CEC-92A4-F1EDCDE057A5}.Debug|ARM64.Build.0 = Debug|Any CPU
		{62BB2EAF-23E8-4CEC-92A4-F1EDCDE057A5}.Debug|x64.ActiveCfg = Debug|Any CPU
		{62BB2EAF-23E8-4CEC-92A4-F1EDCDE057A5}.Debug|x64.Build.0 = Debug|Any CPU
		{62BB2EAF-23E8-4CEC-92A4-F1EDCDE057A5}.Debug|x86.ActiveCfg = Debug|Any CPU
		{62BB2EAF-23E8-4CEC-92A4-F1EDCDE057A5}.Debug|x86.Build.0 = Debug|Any CPU
		{62BB2EAF-23E8-4CEC-92A4-F1EDCDE057A5}.Release|Any CPU.ActiveCfg = Release|Any CPU
		{62BB2EAF-23E8-4CEC-92A4-F1EDCDE057A5}.Release|Any CPU.Build.0 = Release|Any CPU
		{62BB2EAF-23E8-4CEC-92A4-F1EDCDE057A5}.Release|ARM.ActiveCfg = Release|Any CPU
		{62BB2EAF-23E8-4CEC-92A4-F1EDCDE057A5}.Release|ARM.Build.0 = Release|Any CPU
		{62BB2EAF-23E8-4CEC-92A4-F1EDCDE057A5}.Release|ARM64.ActiveCfg = Release|Any CPU
		{62BB2EAF-23E8-4CEC-92A4-F1EDCDE057A5}.Release|ARM64.Build.0 = Release|Any CPU
		{62BB2EAF-23E8-4CEC-92A4-F1EDCDE057A5}.Release|x64.ActiveCfg = Release|Any CPU
		{62BB2EAF-23E8-4CEC-92A4-F1EDCDE057A5}.Release|x64.Build.0 = Release|Any CPU
		{62BB2EAF-23E8-4CEC-92A4-F1EDCDE057A5}.Release|x86.ActiveCfg = Release|Any CPU
		{62BB2EAF-23E8-4CEC-92A4-F1EDCDE057A5}.Release|x86.Build.0 = Release|Any CPU
		{D18F749F-72FA-4D46-859F-394B92E958DC}.Debug|Any CPU.ActiveCfg = Debug|Any CPU
		{D18F749F-72FA-4D46-859F-394B92E958DC}.Debug|Any CPU.Build.0 = Debug|Any CPU
		{D18F749F-72FA-4D46-859F-394B92E958DC}.Debug|ARM.ActiveCfg = Debug|Any CPU
		{D18F749F-72FA-4D46-859F-394B92E958DC}.Debug|ARM.Build.0 = Debug|Any CPU
		{D18F749F-72FA-4D46-859F-394B92E958DC}.Debug|ARM64.ActiveCfg = Debug|Any CPU
		{D18F749F-72FA-4D46-859F-394B92E958DC}.Debug|ARM64.Build.0 = Debug|Any CPU
		{D18F749F-72FA-4D46-859F-394B92E958DC}.Debug|x64.ActiveCfg = Debug|Any CPU
		{D18F749F-72FA-4D46-859F-394B92E958DC}.Debug|x64.Build.0 = Debug|Any CPU
		{D18F749F-72FA-4D46-859F-394B92E958DC}.Debug|x86.ActiveCfg = Debug|Any CPU
		{D18F749F-72FA-4D46-859F-394B92E958DC}.Debug|x86.Build.0 = Debug|Any CPU
		{D18F749F-72FA-4D46-859F-394B92E958DC}.Release|Any CPU.ActiveCfg = Release|Any CPU
		{D18F749F-72FA-4D46-859F-394B92E958DC}.Release|Any CPU.Build.0 = Release|Any CPU
		{D18F749F-72FA-4D46-859F-394B92E958DC}.Release|ARM.ActiveCfg = Release|Any CPU
		{D18F749F-72FA-4D46-859F-394B92E958DC}.Release|ARM.Build.0 = Release|Any CPU
		{D18F749F-72FA-4D46-859F-394B92E958DC}.Release|ARM64.ActiveCfg = Release|Any CPU
		{D18F749F-72FA-4D46-859F-394B92E958DC}.Release|ARM64.Build.0 = Release|Any CPU
		{D18F749F-72FA-4D46-859F-394B92E958DC}.Release|x64.ActiveCfg = Release|Any CPU
		{D18F749F-72FA-4D46-859F-394B92E958DC}.Release|x64.Build.0 = Release|Any CPU
		{D18F749F-72FA-4D46-859F-394B92E958DC}.Release|x86.ActiveCfg = Release|Any CPU
		{D18F749F-72FA-4D46-859F-394B92E958DC}.Release|x86.Build.0 = Release|Any CPU
		{B798BDC6-2FCF-4C67-AACF-1BD28AF30679}.Debug|Any CPU.ActiveCfg = Debug|Any CPU
		{B798BDC6-2FCF-4C67-AACF-1BD28AF30679}.Debug|Any CPU.Build.0 = Debug|Any CPU
		{B798BDC6-2FCF-4C67-AACF-1BD28AF30679}.Debug|ARM.ActiveCfg = Debug|Any CPU
		{B798BDC6-2FCF-4C67-AACF-1BD28AF30679}.Debug|ARM.Build.0 = Debug|Any CPU
		{B798BDC6-2FCF-4C67-AACF-1BD28AF30679}.Debug|ARM64.ActiveCfg = Debug|Any CPU
		{B798BDC6-2FCF-4C67-AACF-1BD28AF30679}.Debug|ARM64.Build.0 = Debug|Any CPU
		{B798BDC6-2FCF-4C67-AACF-1BD28AF30679}.Debug|x64.ActiveCfg = Debug|Any CPU
		{B798BDC6-2FCF-4C67-AACF-1BD28AF30679}.Debug|x64.Build.0 = Debug|Any CPU
		{B798BDC6-2FCF-4C67-AACF-1BD28AF30679}.Debug|x86.ActiveCfg = Debug|Any CPU
		{B798BDC6-2FCF-4C67-AACF-1BD28AF30679}.Debug|x86.Build.0 = Debug|Any CPU
		{B798BDC6-2FCF-4C67-AACF-1BD28AF30679}.Release|Any CPU.ActiveCfg = Release|Any CPU
		{B798BDC6-2FCF-4C67-AACF-1BD28AF30679}.Release|Any CPU.Build.0 = Release|Any CPU
		{B798BDC6-2FCF-4C67-AACF-1BD28AF30679}.Release|ARM.ActiveCfg = Release|Any CPU
		{B798BDC6-2FCF-4C67-AACF-1BD28AF30679}.Release|ARM.Build.0 = Release|Any CPU
		{B798BDC6-2FCF-4C67-AACF-1BD28AF30679}.Release|ARM64.ActiveCfg = Release|Any CPU
		{B798BDC6-2FCF-4C67-AACF-1BD28AF30679}.Release|ARM64.Build.0 = Release|Any CPU
		{B798BDC6-2FCF-4C67-AACF-1BD28AF30679}.Release|x64.ActiveCfg = Release|Any CPU
		{B798BDC6-2FCF-4C67-AACF-1BD28AF30679}.Release|x64.Build.0 = Release|Any CPU
		{B798BDC6-2FCF-4C67-AACF-1BD28AF30679}.Release|x86.ActiveCfg = Release|Any CPU
		{B798BDC6-2FCF-4C67-AACF-1BD28AF30679}.Release|x86.Build.0 = Release|Any CPU
	EndGlobalSection
	GlobalSection(SolutionProperties) = preSolution
		HideSolutionNode = FALSE
	EndGlobalSection
	GlobalSection(ExtensibilityGlobals) = postSolution
		SolutionGuid = {3DB0D176-4D48-45E8-9DFB-FE9792D89E8A}
	EndGlobalSection
EndGlobal
