
Microsoft Visual Studio Solution File, Format Version 12.00
# Visual Studio Version 16
VisualStudioVersion = 16.0.28729.10
MinimumVisualStudioVersion = 10.0.40219.1
Project("{FAE04EC0-301F-11D3-BF4B-00C04F79EFBC}") = "Sting.Units", "Sting.Units\Sting.Units.csproj", "{4D7B1DE3-8078-440C-9C7C-BE0490F7DCD1}"
EndProject
Project("{FAE04EC0-301F-11D3-BF4B-00C04F79EFBC}") = "Sting.Storage", "Sting.Storage\Sting.Storage.csproj", "{9B15631E-9AE6-439F-84A5-3C9116EC86DB}"
EndProject
Project("{FAE04EC0-301F-11D3-BF4B-00C04F79EFBC}") = "Sting.Devices", "Sting.Devices\Sting.Devices.csproj", "{CDE8118A-222E-477C-A07E-8F475FFA5C97}"
EndProject
Project("{FAE04EC0-301F-11D3-BF4B-00C04F79EFBC}") = "Sting.Devices.Contracts", "Sting.Devices.Contracts\Sting.Devices.Contracts.csproj", "{569763F0-02F5-4D8D-B360-2A965D50FC77}"
EndProject
Project("{FAE04EC0-301F-11D3-BF4B-00C04F79EFBC}") = "Sting.Application", "Sting.Application\Sting.Application.csproj", "{3206754E-6968-41AB-8D05-3FE230F7893E}"
EndProject
Project("{9A19103F-16F7-4668-BE54-9A1E7A4F7556}") = "Sting.Models", "..\..\..\StingBackend\Sting.Models\Sting.Models.csproj", "{E1044465-1895-43E9-B219-AB502A845E17}"
EndProject
Global
	GlobalSection(SolutionConfigurationPlatforms) = preSolution
		Debug|Any CPU = Debug|Any CPU
		Debug|ARM = Debug|ARM
		Debug|ARM64 = Debug|ARM64
		Debug|x64 = Debug|x64
		Debug|x86 = Debug|x86
		Release|Any CPU = Release|Any CPU
		Release|ARM = Release|ARM
		Release|ARM64 = Release|ARM64
		Release|x64 = Release|x64
		Release|x86 = Release|x86
	EndGlobalSection
	GlobalSection(ProjectConfigurationPlatforms) = postSolution
		{4D7B1DE3-8078-440C-9C7C-BE0490F7DCD1}.Debug|Any CPU.ActiveCfg = Debug|Any CPU
		{4D7B1DE3-8078-440C-9C7C-BE0490F7DCD1}.Debug|Any CPU.Build.0 = Debug|Any CPU
		{4D7B1DE3-8078-440C-9C7C-BE0490F7DCD1}.Debug|ARM.ActiveCfg = Debug|ARM
		{4D7B1DE3-8078-440C-9C7C-BE0490F7DCD1}.Debug|ARM.Build.0 = Debug|ARM
		{4D7B1DE3-8078-440C-9C7C-BE0490F7DCD1}.Debug|ARM64.ActiveCfg = Debug|ARM64
		{4D7B1DE3-8078-440C-9C7C-BE0490F7DCD1}.Debug|ARM64.Build.0 = Debug|ARM64
		{4D7B1DE3-8078-440C-9C7C-BE0490F7DCD1}.Debug|x64.ActiveCfg = Debug|x64
		{4D7B1DE3-8078-440C-9C7C-BE0490F7DCD1}.Debug|x64.Build.0 = Debug|x64
		{4D7B1DE3-8078-440C-9C7C-BE0490F7DCD1}.Debug|x86.ActiveCfg = Debug|x86
		{4D7B1DE3-8078-440C-9C7C-BE0490F7DCD1}.Debug|x86.Build.0 = Debug|x86
		{4D7B1DE3-8078-440C-9C7C-BE0490F7DCD1}.Release|Any CPU.ActiveCfg = Release|Any CPU
		{4D7B1DE3-8078-440C-9C7C-BE0490F7DCD1}.Release|Any CPU.Build.0 = Release|Any CPU
		{4D7B1DE3-8078-440C-9C7C-BE0490F7DCD1}.Release|ARM.ActiveCfg = Release|ARM
		{4D7B1DE3-8078-440C-9C7C-BE0490F7DCD1}.Release|ARM.Build.0 = Release|ARM
		{4D7B1DE3-8078-440C-9C7C-BE0490F7DCD1}.Release|ARM64.ActiveCfg = Release|ARM64
		{4D7B1DE3-8078-440C-9C7C-BE0490F7DCD1}.Release|ARM64.Build.0 = Release|ARM64
		{4D7B1DE3-8078-440C-9C7C-BE0490F7DCD1}.Release|x64.ActiveCfg = Release|x64
		{4D7B1DE3-8078-440C-9C7C-BE0490F7DCD1}.Release|x64.Build.0 = Release|x64
		{4D7B1DE3-8078-440C-9C7C-BE0490F7DCD1}.Release|x86.ActiveCfg = Release|x86
		{4D7B1DE3-8078-440C-9C7C-BE0490F7DCD1}.Release|x86.Build.0 = Release|x86
		{9B15631E-9AE6-439F-84A5-3C9116EC86DB}.Debug|Any CPU.ActiveCfg = Debug|Any CPU
		{9B15631E-9AE6-439F-84A5-3C9116EC86DB}.Debug|Any CPU.Build.0 = Debug|Any CPU
		{9B15631E-9AE6-439F-84A5-3C9116EC86DB}.Debug|ARM.ActiveCfg = Debug|ARM
		{9B15631E-9AE6-439F-84A5-3C9116EC86DB}.Debug|ARM.Build.0 = Debug|ARM
		{9B15631E-9AE6-439F-84A5-3C9116EC86DB}.Debug|ARM64.ActiveCfg = Debug|ARM64
		{9B15631E-9AE6-439F-84A5-3C9116EC86DB}.Debug|ARM64.Build.0 = Debug|ARM64
		{9B15631E-9AE6-439F-84A5-3C9116EC86DB}.Debug|x64.ActiveCfg = Debug|x64
		{9B15631E-9AE6-439F-84A5-3C9116EC86DB}.Debug|x64.Build.0 = Debug|x64
		{9B15631E-9AE6-439F-84A5-3C9116EC86DB}.Debug|x86.ActiveCfg = Debug|x86
		{9B15631E-9AE6-439F-84A5-3C9116EC86DB}.Debug|x86.Build.0 = Debug|x86
		{9B15631E-9AE6-439F-84A5-3C9116EC86DB}.Release|Any CPU.ActiveCfg = Release|Any CPU
		{9B15631E-9AE6-439F-84A5-3C9116EC86DB}.Release|Any CPU.Build.0 = Release|Any CPU
		{9B15631E-9AE6-439F-84A5-3C9116EC86DB}.Release|ARM.ActiveCfg = Release|ARM
		{9B15631E-9AE6-439F-84A5-3C9116EC86DB}.Release|ARM.Build.0 = Release|ARM
		{9B15631E-9AE6-439F-84A5-3C9116EC86DB}.Release|ARM64.ActiveCfg = Release|ARM64
		{9B15631E-9AE6-439F-84A5-3C9116EC86DB}.Release|ARM64.Build.0 = Release|ARM64
		{9B15631E-9AE6-439F-84A5-3C9116EC86DB}.Release|x64.ActiveCfg = Release|x64
		{9B15631E-9AE6-439F-84A5-3C9116EC86DB}.Release|x64.Build.0 = Release|x64
		{9B15631E-9AE6-439F-84A5-3C9116EC86DB}.Release|x86.ActiveCfg = Release|x86
		{9B15631E-9AE6-439F-84A5-3C9116EC86DB}.Release|x86.Build.0 = Release|x86
		{CDE8118A-222E-477C-A07E-8F475FFA5C97}.Debug|Any CPU.ActiveCfg = Debug|Any CPU
		{CDE8118A-222E-477C-A07E-8F475FFA5C97}.Debug|Any CPU.Build.0 = Debug|Any CPU
		{CDE8118A-222E-477C-A07E-8F475FFA5C97}.Debug|ARM.ActiveCfg = Debug|ARM
		{CDE8118A-222E-477C-A07E-8F475FFA5C97}.Debug|ARM.Build.0 = Debug|ARM
		{CDE8118A-222E-477C-A07E-8F475FFA5C97}.Debug|ARM64.ActiveCfg = Debug|ARM64
		{CDE8118A-222E-477C-A07E-8F475FFA5C97}.Debug|ARM64.Build.0 = Debug|ARM64
		{CDE8118A-222E-477C-A07E-8F475FFA5C97}.Debug|x64.ActiveCfg = Debug|x64
		{CDE8118A-222E-477C-A07E-8F475FFA5C97}.Debug|x64.Build.0 = Debug|x64
		{CDE8118A-222E-477C-A07E-8F475FFA5C97}.Debug|x86.ActiveCfg = Debug|x86
		{CDE8118A-222E-477C-A07E-8F475FFA5C97}.Debug|x86.Build.0 = Debug|x86
		{CDE8118A-222E-477C-A07E-8F475FFA5C97}.Release|Any CPU.ActiveCfg = Release|Any CPU
		{CDE8118A-222E-477C-A07E-8F475FFA5C97}.Release|Any CPU.Build.0 = Release|Any CPU
		{CDE8118A-222E-477C-A07E-8F475FFA5C97}.Release|ARM.ActiveCfg = Release|ARM
		{CDE8118A-222E-477C-A07E-8F475FFA5C97}.Release|ARM.Build.0 = Release|ARM
		{CDE8118A-222E-477C-A07E-8F475FFA5C97}.Release|ARM64.ActiveCfg = Release|ARM64
		{CDE8118A-222E-477C-A07E-8F475FFA5C97}.Release|ARM64.Build.0 = Release|ARM64
		{CDE8118A-222E-477C-A07E-8F475FFA5C97}.Release|x64.ActiveCfg = Release|x64
		{CDE8118A-222E-477C-A07E-8F475FFA5C97}.Release|x64.Build.0 = Release|x64
		{CDE8118A-222E-477C-A07E-8F475FFA5C97}.Release|x86.ActiveCfg = Release|x86
		{CDE8118A-222E-477C-A07E-8F475FFA5C97}.Release|x86.Build.0 = Release|x86
		{569763F0-02F5-4D8D-B360-2A965D50FC77}.Debug|Any CPU.ActiveCfg = Debug|Any CPU
		{569763F0-02F5-4D8D-B360-2A965D50FC77}.Debug|Any CPU.Build.0 = Debug|Any CPU
		{569763F0-02F5-4D8D-B360-2A965D50FC77}.Debug|ARM.ActiveCfg = Debug|ARM
		{569763F0-02F5-4D8D-B360-2A965D50FC77}.Debug|ARM.Build.0 = Debug|ARM
		{569763F0-02F5-4D8D-B360-2A965D50FC77}.Debug|ARM64.ActiveCfg = Debug|ARM64
		{569763F0-02F5-4D8D-B360-2A965D50FC77}.Debug|ARM64.Build.0 = Debug|ARM64
		{569763F0-02F5-4D8D-B360-2A965D50FC77}.Debug|x64.ActiveCfg = Debug|x64
		{569763F0-02F5-4D8D-B360-2A965D50FC77}.Debug|x64.Build.0 = Debug|x64
		{569763F0-02F5-4D8D-B360-2A965D50FC77}.Debug|x86.ActiveCfg = Debug|x86
		{569763F0-02F5-4D8D-B360-2A965D50FC77}.Debug|x86.Build.0 = Debug|x86
		{569763F0-02F5-4D8D-B360-2A965D50FC77}.Release|Any CPU.ActiveCfg = Release|Any CPU
		{569763F0-02F5-4D8D-B360-2A965D50FC77}.Release|Any CPU.Build.0 = Release|Any CPU
		{569763F0-02F5-4D8D-B360-2A965D50FC77}.Release|ARM.ActiveCfg = Release|ARM
		{569763F0-02F5-4D8D-B360-2A965D50FC77}.Release|ARM.Build.0 = Release|ARM
		{569763F0-02F5-4D8D-B360-2A965D50FC77}.Release|ARM64.ActiveCfg = Release|ARM64
		{569763F0-02F5-4D8D-B360-2A965D50FC77}.Release|ARM64.Build.0 = Release|ARM64
		{569763F0-02F5-4D8D-B360-2A965D50FC77}.Release|x64.ActiveCfg = Release|x64
		{569763F0-02F5-4D8D-B360-2A965D50FC77}.Release|x64.Build.0 = Release|x64
		{569763F0-02F5-4D8D-B360-2A965D50FC77}.Release|x86.ActiveCfg = Release|x86
		{569763F0-02F5-4D8D-B360-2A965D50FC77}.Release|x86.Build.0 = Release|x86
		{3206754E-6968-41AB-8D05-3FE230F7893E}.Debug|Any CPU.ActiveCfg = Debug|x86
		{3206754E-6968-41AB-8D05-3FE230F7893E}.Debug|ARM.ActiveCfg = Debug|ARM
		{3206754E-6968-41AB-8D05-3FE230F7893E}.Debug|ARM.Build.0 = Debug|ARM
		{3206754E-6968-41AB-8D05-3FE230F7893E}.Debug|ARM.Deploy.0 = Debug|ARM
		{3206754E-6968-41AB-8D05-3FE230F7893E}.Debug|ARM64.ActiveCfg = Debug|x86
		{3206754E-6968-41AB-8D05-3FE230F7893E}.Debug|x64.ActiveCfg = Debug|x64
		{3206754E-6968-41AB-8D05-3FE230F7893E}.Debug|x64.Build.0 = Debug|x64
		{3206754E-6968-41AB-8D05-3FE230F7893E}.Debug|x64.Deploy.0 = Debug|x64
		{3206754E-6968-41AB-8D05-3FE230F7893E}.Debug|x86.ActiveCfg = Debug|x86
		{3206754E-6968-41AB-8D05-3FE230F7893E}.Debug|x86.Build.0 = Debug|x86
		{3206754E-6968-41AB-8D05-3FE230F7893E}.Debug|x86.Deploy.0 = Debug|x86
		{3206754E-6968-41AB-8D05-3FE230F7893E}.Release|Any CPU.ActiveCfg = Release|x86
		{3206754E-6968-41AB-8D05-3FE230F7893E}.Release|ARM.ActiveCfg = Release|ARM
		{3206754E-6968-41AB-8D05-3FE230F7893E}.Release|ARM.Build.0 = Release|ARM
		{3206754E-6968-41AB-8D05-3FE230F7893E}.Release|ARM.Deploy.0 = Release|ARM
		{3206754E-6968-41AB-8D05-3FE230F7893E}.Release|ARM64.ActiveCfg = Release|x86
		{3206754E-6968-41AB-8D05-3FE230F7893E}.Release|x64.ActiveCfg = Release|x64
		{3206754E-6968-41AB-8D05-3FE230F7893E}.Release|x64.Build.0 = Release|x64
		{3206754E-6968-41AB-8D05-3FE230F7893E}.Release|x64.Deploy.0 = Release|x64
		{3206754E-6968-41AB-8D05-3FE230F7893E}.Release|x86.ActiveCfg = Release|x86
		{3206754E-6968-41AB-8D05-3FE230F7893E}.Release|x86.Build.0 = Release|x86
		{3206754E-6968-41AB-8D05-3FE230F7893E}.Release|x86.Deploy.0 = Release|x86
		{E1044465-1895-43E9-B219-AB502A845E17}.Debug|Any CPU.ActiveCfg = Debug|Any CPU
		{E1044465-1895-43E9-B219-AB502A845E17}.Debug|Any CPU.Build.0 = Debug|Any CPU
		{E1044465-1895-43E9-B219-AB502A845E17}.Debug|ARM.ActiveCfg = Debug|Any CPU
		{E1044465-1895-43E9-B219-AB502A845E17}.Debug|ARM.Build.0 = Debug|Any CPU
		{E1044465-1895-43E9-B219-AB502A845E17}.Debug|ARM64.ActiveCfg = Debug|Any CPU
		{E1044465-1895-43E9-B219-AB502A845E17}.Debug|ARM64.Build.0 = Debug|Any CPU
		{E1044465-1895-43E9-B219-AB502A845E17}.Debug|x64.ActiveCfg = Debug|Any CPU
		{E1044465-1895-43E9-B219-AB502A845E17}.Debug|x64.Build.0 = Debug|Any CPU
		{E1044465-1895-43E9-B219-AB502A845E17}.Debug|x86.ActiveCfg = Debug|Any CPU
		{E1044465-1895-43E9-B219-AB502A845E17}.Debug|x86.Build.0 = Debug|Any CPU
		{E1044465-1895-43E9-B219-AB502A845E17}.Release|Any CPU.ActiveCfg = Release|Any CPU
		{E1044465-1895-43E9-B219-AB502A845E17}.Release|Any CPU.Build.0 = Release|Any CPU
		{E1044465-1895-43E9-B219-AB502A845E17}.Release|ARM.ActiveCfg = Release|Any CPU
		{E1044465-1895-43E9-B219-AB502A845E17}.Release|ARM.Build.0 = Release|Any CPU
		{E1044465-1895-43E9-B219-AB502A845E17}.Release|ARM64.ActiveCfg = Release|Any CPU
		{E1044465-1895-43E9-B219-AB502A845E17}.Release|ARM64.Build.0 = Release|Any CPU
		{E1044465-1895-43E9-B219-AB502A845E17}.Release|x64.ActiveCfg = Release|Any CPU
		{E1044465-1895-43E9-B219-AB502A845E17}.Release|x64.Build.0 = Release|Any CPU
		{E1044465-1895-43E9-B219-AB502A845E17}.Release|x86.ActiveCfg = Release|Any CPU
		{E1044465-1895-43E9-B219-AB502A845E17}.Release|x86.Build.0 = Release|Any CPU
	EndGlobalSection
	GlobalSection(SolutionProperties) = preSolution
		HideSolutionNode = FALSE
	EndGlobalSection
	GlobalSection(ExtensibilityGlobals) = postSolution
		SolutionGuid = {3DB0D176-4D48-45E8-9DFB-FE9792D89E8A}
	EndGlobalSection
EndGlobal
