
Microsoft Visual Studio Solution File, Format Version 12.00
# Visual Studio 15
VisualStudioVersion = 15.0.28307.438
MinimumVisualStudioVersion = 10.0.40219.1
Project("{9092AA53-FB77-4645-B42D-1CCCA6BD08BD}") = "StingBackend", "StingBackend.njsproj", "{6FAE419C-CA31-4BCD-BF6A-A507BB8FFB7B}"
EndProject
Global
	GlobalSection(SolutionConfigurationPlatforms) = preSolution
		Debug|Any CPU = Debug|Any CPU
		Release|Any CPU = Release|Any CPU
	EndGlobalSection
	GlobalSection(ProjectConfigurationPlatforms) = postSolution
		{6FAE419C-CA31-4BCD-BF6A-A507BB8FFB7B}.Debug|Any CPU.ActiveCfg = Debug|Any CPU
		{6FAE419C-CA31-4BCD-BF6A-A507BB8FFB7B}.Debug|Any CPU.Build.0 = Debug|Any CPU
		{6FAE419C-CA31-4BCD-BF6A-A507BB8FFB7B}.Release|Any CPU.ActiveCfg = Release|Any CPU
		{6FAE419C-CA31-4BCD-BF6A-A507BB8FFB7B}.Release|Any CPU.Build.0 = Release|Any CPU
	EndGlobalSection
	GlobalSection(SolutionProperties) = preSolution
		HideSolutionNode = FALSE
	EndGlobalSection
	GlobalSection(ExtensibilityGlobals) = postSolution
		SolutionGuid = {D5496EA6-0984-4C12-97BF-DD673354E652}
	EndGlobalSection
EndGlobal
