
Microsoft Visual Studio Solution File, Format Version 12.00
# Visual Studio 15
VisualStudioVersion = 15.0.28307.438
MinimumVisualStudioVersion = 10.0.40219.1
Project("{9092AA53-FB77-4645-B42D-1CCCA6BD08BD}") = "StingBackend", "StingBackend.njsproj", "{572011BB-6B7C-4560-8F95-7CDAD54CFF30}"
EndProject
Global
	GlobalSection(SolutionConfigurationPlatforms) = preSolution
		Debug|Any CPU = Debug|Any CPU
		Release|Any CPU = Release|Any CPU
	EndGlobalSection
	GlobalSection(ProjectConfigurationPlatforms) = postSolution
		{572011BB-6B7C-4560-8F95-7CDAD54CFF30}.Debug|Any CPU.ActiveCfg = Debug|Any CPU
		{572011BB-6B7C-4560-8F95-7CDAD54CFF30}.Debug|Any CPU.Build.0 = Debug|Any CPU
		{572011BB-6B7C-4560-8F95-7CDAD54CFF30}.Release|Any CPU.ActiveCfg = Release|Any CPU
		{572011BB-6B7C-4560-8F95-7CDAD54CFF30}.Release|Any CPU.Build.0 = Release|Any CPU
	EndGlobalSection
	GlobalSection(SolutionProperties) = preSolution
		HideSolutionNode = FALSE
	EndGlobalSection
	GlobalSection(ExtensibilityGlobals) = postSolution
		SolutionGuid = {A03EC8EC-643D-4ECE-AFAC-6ACC50B9C90D}
	EndGlobalSection
EndGlobal
